
Microsoft Visual Studio Solution File, Format Version 12.00
# Visual Studio Version 17
VisualStudioVersion = 17.0.31611.283
MinimumVisualStudioVersion = 10.0.40219.1
Project("{9A19103F-16F7-4668-BE54-9A1E7A4F7556}") = "LIN", "LIN\LIN.csproj", "{7E58E0B5-47C1-4DB6-B9E9-FE560FD18FD5}"
EndProject
Project("{9A19103F-16F7-4668-BE54-9A1E7A4F7556}") = "Conexion", "Conexion\Conexion.csproj", "{855D8965-48D9-4247-8C08-DA7DE5FA205F}"
EndProject
Project("{9A19103F-16F7-4668-BE54-9A1E7A4F7556}") = "CommunityExtensions", "CommunityExtensions\CommunityExtensions.csproj", "{7F568E8B-364D-4BF9-BDB7-983DAB5C6C17}"
EndProject
Global
	GlobalSection(SolutionConfigurationPlatforms) = preSolution
		Debug|Any CPU = Debug|Any CPU
		Release|Any CPU = Release|Any CPU
	EndGlobalSection
	GlobalSection(ProjectConfigurationPlatforms) = postSolution
		{7E58E0B5-47C1-4DB6-B9E9-FE560FD18FD5}.Debug|Any CPU.ActiveCfg = Debug|Any CPU
		{7E58E0B5-47C1-4DB6-B9E9-FE560FD18FD5}.Debug|Any CPU.Build.0 = Debug|Any CPU
		{7E58E0B5-47C1-4DB6-B9E9-FE560FD18FD5}.Debug|Any CPU.Deploy.0 = Debug|Any CPU
		{7E58E0B5-47C1-4DB6-B9E9-FE560FD18FD5}.Release|Any CPU.ActiveCfg = Release|Any CPU
		{7E58E0B5-47C1-4DB6-B9E9-FE560FD18FD5}.Release|Any CPU.Build.0 = Release|Any CPU
		{7E58E0B5-47C1-4DB6-B9E9-FE560FD18FD5}.Release|Any CPU.Deploy.0 = Release|Any CPU
		{855D8965-48D9-4247-8C08-DA7DE5FA205F}.Debug|Any CPU.ActiveCfg = Debug|Any CPU
		{855D8965-48D9-4247-8C08-DA7DE5FA205F}.Debug|Any CPU.Build.0 = Debug|Any CPU
		{855D8965-48D9-4247-8C08-DA7DE5FA205F}.Release|Any CPU.ActiveCfg = Release|Any CPU
		{855D8965-48D9-4247-8C08-DA7DE5FA205F}.Release|Any CPU.Build.0 = Release|Any CPU
		{7F568E8B-364D-4BF9-BDB7-983DAB5C6C17}.Debug|Any CPU.ActiveCfg = Debug|Any CPU
		{7F568E8B-364D-4BF9-BDB7-983DAB5C6C17}.Debug|Any CPU.Build.0 = Debug|Any CPU
		{7F568E8B-364D-4BF9-BDB7-983DAB5C6C17}.Release|Any CPU.ActiveCfg = Release|Any CPU
		{7F568E8B-364D-4BF9-BDB7-983DAB5C6C17}.Release|Any CPU.Build.0 = Release|Any CPU
	EndGlobalSection
	GlobalSection(SolutionProperties) = preSolution
		HideSolutionNode = FALSE
	EndGlobalSection
	GlobalSection(ExtensibilityGlobals) = postSolution
		SolutionGuid = {61F7FB11-1E47-470C-91E2-47F8143E1572}
	EndGlobalSection
EndGlobal
